
Microsoft Visual Studio Solution File, Format Version 12.00
# Visual Studio Version 17
VisualStudioVersion = 17.14.36915.13
MinimumVisualStudioVersion = 10.0.40219.1
Project("{FAE04EC0-301F-11D3-BF4B-00C04F79EFBC}") = "Company.API", "Company.API\Company.API.csproj", "{847D308B-5114-48FE-9C76-5557CFF92C2C}"
EndProject
Project("{FAE04EC0-301F-11D3-BF4B-00C04F79EFBC}") = "Company.Core", "Company.Core\Company.Core.csproj", "{AA05549B-D1CC-45CD-BCC2-642030D41065}"
EndProject
Project("{FAE04EC0-301F-11D3-BF4B-00C04F79EFBC}") = "Company.Infrastructure", "Company.Infrastructure\Company.Infrastructure.csproj", "{5229EBDE-0F76-4027-AF2B-6824E7E6AB6A}"
EndProject
Global
	GlobalSection(SolutionConfigurationPlatforms) = preSolution
		Debug|Any CPU = Debug|Any CPU
		Release|Any CPU = Release|Any CPU
	EndGlobalSection
	GlobalSection(ProjectConfigurationPlatforms) = postSolution
		{847D308B-5114-48FE-9C76-5557CFF92C2C}.Debug|Any CPU.ActiveCfg = Debug|Any CPU
		{847D308B-5114-48FE-9C76-5557CFF92C2C}.Debug|Any CPU.Build.0 = Debug|Any CPU
		{847D308B-5114-48FE-9C76-5557CFF92C2C}.Release|Any CPU.ActiveCfg = Release|Any CPU
		{847D308B-5114-48FE-9C76-5557CFF92C2C}.Release|Any CPU.Build.0 = Release|Any CPU
		{AA05549B-D1CC-45CD-BCC2-642030D41065}.Debug|Any CPU.ActiveCfg = Debug|Any CPU
		{AA05549B-D1CC-45CD-BCC2-642030D41065}.Debug|Any CPU.Build.0 = Debug|Any CPU
		{AA05549B-D1CC-45CD-BCC2-642030D41065}.Release|Any CPU.ActiveCfg = Release|Any CPU
		{AA05549B-D1CC-45CD-BCC2-642030D41065}.Release|Any CPU.Build.0 = Release|Any CPU
		{5229EBDE-0F76-4027-AF2B-6824E7E6AB6A}.Debug|Any CPU.ActiveCfg = Debug|Any CPU
		{5229EBDE-0F76-4027-AF2B-6824E7E6AB6A}.Debug|Any CPU.Build.0 = Debug|Any CPU
		{5229EBDE-0F76-4027-AF2B-6824E7E6AB6A}.Release|Any CPU.ActiveCfg = Release|Any CPU
		{5229EBDE-0F76-4027-AF2B-6824E7E6AB6A}.Release|Any CPU.Build.0 = Release|Any CPU
	EndGlobalSection
	GlobalSection(SolutionProperties) = preSolution
		HideSolutionNode = FALSE
	EndGlobalSection
	GlobalSection(ExtensibilityGlobals) = postSolution
		SolutionGuid = {7EE1616D-0958-4EBC-8439-09A722E1DC55}
	EndGlobalSection
EndGlobal
